PODS:
  - AppCenter (4.3.0):
    - AppCenter/Analytics (= 4.3.0)
    - AppCenter/Crashes (= 4.3.0)
  - AppCenter/Analytics (4.3.0):
    - AppCenter/Core
  - AppCenter/Core (4.3.0)
  - AppCenter/Crashes (4.3.0):
    - AppCenter/Core
  - AppCenter/Distribute (4.3.0):
    - AppCenter/Core
  - GetSocial/Core (7.6.5)
  - GetSocial/UI (7.6.5):
    - GetSocial/Core

DEPENDENCIES:
  - AppCenter
  - AppCenter/Analytics
  - AppCenter/Crashes
  - AppCenter/Distribute
  - GetSocial/Core
  - GetSocial/UI

SPEC REPOS:
  trunk:
    - AppCenter
    - GetSocial

SPEC CHECKSUMS:
  AppCenter: 883369ab78427b0561c688158d689dfe1f993ea9
  GetSocial: 66a8ee372ebdbeb0e7ce9558cd1faecf811bbc4e

PODFILE CHECKSUM: b4752b3fe5615e8ee7d0be97a874a0f9ff04a564

COCOAPODS: 1.11.2
