// !$*UTF8*$!
{
	archiveVersion = 1;
	classes = {
	};
	objectVersion = 51;
	objects = {

/* Begin PBXBuildFile section */
		5F404273ADE109B765A0EBEC /* getsocial.json in Resources */ = {isa = PBXBuildFile; fileRef = 32094EF0A6F7EED527ADBD35 /* getsocial.json */; };
		805C440EA3CFF5D87F0D4514 /* Social Feed Test App.entitlements in Resources */ = {isa = PBXBuildFile; fileRef = F1564EECAB66C3751D54EC52 /* Social Feed Test App.entitlements */; };
		84064C07A072E34F8724AA91 /* getsocial.json in Resources */ = {isa = PBXBuildFile; fileRef = 32094EF0A6F7EED527ADBD35 /* getsocial.json */; };
		8FD74DC09324C847A603BA43 /* getsocial.json in Resources */ = {isa = PBXBuildFile; fileRef = 32094EF0A6F7EED527ADBD35 /* getsocial.json */; };
		9246CBDA2758ACDE00218BC1 /* AppDelegate.swift in Sources */ = {isa = PBXBuildFile; fileRef = 9246CBD92758ACDE00218BC1 /* AppDelegate.swift */; };
		9246CBDC2758ACDE00218BC1 /* SceneDelegate.swift in Sources */ = {isa = PBXBuildFile; fileRef = 9246CBDB2758ACDE00218BC1 /* SceneDelegate.swift */; };
		9246CBDE2758ACDE00218BC1 /* ViewController.swift in Sources */ = {isa = PBXBuildFile; fileRef = 9246CBDD2758ACDE00218BC1 /* ViewController.swift */; };
		9246CBE12758ACDE00218BC1 /* Main.storyboard in Resources */ = {isa = PBXBuildFile; fileRef = 9246CBDF2758ACDE00218BC1 /* Main.storyboard */; };
		9246CBE32758ACE000218BC1 /* Assets.xcassets in Resources */ = {isa = PBXBuildFile; fileRef = 9246CBE22758ACE000218BC1 /* Assets.xcassets */; };
		9246CBE62758ACE000218BC1 /* LaunchScreen.storyboard in Resources */ = {isa = PBXBuildFile; fileRef = 9246CBE42758ACE000218BC1 /* LaunchScreen.storyboard */; };
		9246CBF12758ACE000218BC1 /* Social_Feed_Test_AppTests.swift in Sources */ = {isa = PBXBuildFile; fileRef = 9246CBF02758ACE000218BC1 /* Social_Feed_Test_AppTests.swift */; };
		9246CBFC2758ACE000218BC1 /* Social_Feed_Test_AppUITests.swift in Sources */ = {isa = PBXBuildFile; fileRef = 9246CBFB2758ACE000218BC1 /* Social_Feed_Test_AppUITests.swift */; };
		978BBE074352471A246EBD2A /* Pods_Social_Feed_Test_AppTests.framework in Frameworks */ = {isa = PBXBuildFile; fileRef = B158F29650BED43315F2D052 /* Pods_Social_Feed_Test_AppTests.framework */; };
		9D49444FAED04D5802108897 /* Social Feed Test App.entitlements in Resources */ = {isa = PBXBuildFile; fileRef = F1564EECAB66C3751D54EC52 /* Social Feed Test App.entitlements */; };
		A4DA26DE0FFFF6F55F0BCF59 /* Pods_Social_Feed_Test_App_Social_Feed_Test_AppUITests.framework in Frameworks */ = {isa = PBXBuildFile; fileRef = CC47E9E8C7C4F4176A92ADCD /* Pods_Social_Feed_Test_App_Social_Feed_Test_AppUITests.framework */; };
		DE3245B5B769E8DD09BF5809 /* Social Feed Test App.entitlements in Resources */ = {isa = PBXBuildFile; fileRef = F1564EECAB66C3751D54EC52 /* Social Feed Test App.entitlements */; };
		E483BE12BD19D0BDA194B38D /* Pods_Social_Feed_Test_App.framework in Frameworks */ = {isa = PBXBuildFile; fileRef = 687FDCC0593E6876660C6A86 /* Pods_Social_Feed_Test_App.framework */; };
/* End PBXBuildFile section */

/* Begin PBXContainerItemProxy section */
		9246CBED2758ACE000218BC1 /* PBXContainerItemProxy */ = {
			isa = PBXContainerItemProxy;
			containerPortal = 9246CBCE2758ACDE00218BC1 /* Project object */;
			proxyType = 1;
			remoteGlobalIDString = 9246CBD52758ACDE00218BC1;
			remoteInfo = "Social Feed Test App";
		};
		9246CBF82758ACE000218BC1 /* PBXContainerItemProxy */ = {
			isa = PBXContainerItemProxy;
			containerPortal = 9246CBCE2758ACDE00218BC1 /* Project object */;
			proxyType = 1;
			remoteGlobalIDString = 9246CBD52758ACDE00218BC1;
			remoteInfo = "Social Feed Test App";
		};
/* End PBXContainerItemProxy section */

/* Begin PBXFileReference section */
		07D2C2461A93B8B932D28A37 /* Pods-Social Feed Test App-Social Feed Test AppUITests.debug.xcconfig */ = {isa = PBXFileReference; includeInIndex = 1; lastKnownFileType = text.xcconfig; name = "Pods-Social Feed Test App-Social Feed Test AppUITests.debug.xcconfig"; path = "Target Support Files/Pods-Social Feed Test App-Social Feed Test AppUITests/Pods-Social Feed Test App-Social Feed Test AppUITests.debug.xcconfig"; sourceTree = "<group>"; };
		0BA0391B4D7E76EDBD48E476 /* Pods-Social Feed Test AppTests.debug.xcconfig */ = {isa = PBXFileReference; includeInIndex = 1; lastKnownFileType = text.xcconfig; name = "Pods-Social Feed Test AppTests.debug.xcconfig"; path = "Target Support Files/Pods-Social Feed Test AppTests/Pods-Social Feed Test AppTests.debug.xcconfig"; sourceTree = "<group>"; };
		32094EF0A6F7EED527ADBD35 /* getsocial.json */ = {isa = PBXFileReference; lastKnownFileType = text.json; path = getsocial.json; sourceTree = SOURCE_ROOT; };
		5D243B25DCB08A7C3A183198 /* Pods-Social Feed Test AppTests.release.xcconfig */ = {isa = PBXFileReference; includeInIndex = 1; lastKnownFileType = text.xcconfig; name = "Pods-Social Feed Test AppTests.release.xcconfig"; path = "Target Support Files/Pods-Social Feed Test AppTests/Pods-Social Feed Test AppTests.release.xcconfig"; sourceTree = "<group>"; };
		687FDCC0593E6876660C6A86 /* Pods_Social_Feed_Test_App.framework */ = {isa = PBXFileReference; explicitFileType = wrapper.framework; includeInIndex = 0; path = Pods_Social_Feed_Test_App.framework; sourceTree = BUILT_PRODUCTS_DIR; };
		9246CBD62758ACDE00218BC1 /* Social Feed Test App.app */ = {isa = PBXFileReference; explicitFileType = wrapper.application; includeInIndex = 0; path = "Social Feed Test App.app"; sourceTree = BUILT_PRODUCTS_DIR; };
		9246CBD92758ACDE00218BC1 /* AppDelegate.swift */ = {isa = PBXFileReference; lastKnownFileType = sourcecode.swift; path = AppDelegate.swift; sourceTree = "<group>"; };
		9246CBDB2758ACDE00218BC1 /* SceneDelegate.swift */ = {isa = PBXFileReference; lastKnownFileType = sourcecode.swift; path = SceneDelegate.swift; sourceTree = "<group>"; };
		9246CBDD2758ACDE00218BC1 /* ViewController.swift */ = {isa = PBXFileReference; lastKnownFileType = sourcecode.swift; path = ViewController.swift; sourceTree = "<group>"; };
		9246CBE02758ACDE00218BC1 /* Base */ = {isa = PBXFileReference; lastKnownFileType = file.storyboard; name = Base; path = Base.lproj/Main.storyboard; sourceTree = "<group>"; };
		9246CBE22758ACE000218BC1 /* Assets.xcassets */ = {isa = PBXFileReference; lastKnownFileType = folder.assetcatalog; path = Assets.xcassets; sourceTree = "<group>"; };
		9246CBE52758ACE000218BC1 /* Base */ = {isa = PBXFileReference; lastKnownFileType = file.storyboard; name = Base; path = Base.lproj/LaunchScreen.storyboard; sourceTree = "<group>"; };
		9246CBE72758ACE000218BC1 /* Info.plist */ = {isa = PBXFileReference; lastKnownFileType = text.plist.xml; path = Info.plist; sourceTree = "<group>"; };
		9246CBEC2758ACE000218BC1 /* Social Feed Test AppTests.xctest */ = {isa = PBXFileReference; explicitFileType = wrapper.cfbundle; includeInIndex = 0; path = "Social Feed Test AppTests.xctest"; sourceTree = BUILT_PRODUCTS_DIR; };
		9246CBF02758ACE000218BC1 /* Social_Feed_Test_AppTests.swift */ = {isa = PBXFileReference; lastKnownFileType = sourcecode.swift; path = Social_Feed_Test_AppTests.swift; sourceTree = "<group>"; };
		9246CBF22758ACE000218BC1 /* Info.plist */ = {isa = PBXFileReference; lastKnownFileType = text.plist.xml; path = Info.plist; sourceTree = "<group>"; };
		9246CBF72758ACE000218BC1 /* Social Feed Test AppUITests.xctest */ = {isa = PBXFileReference; explicitFileType = wrapper.cfbundle; includeInIndex = 0; path = "Social Feed Test AppUITests.xctest"; sourceTree = BUILT_PRODUCTS_DIR; };
		9246CBFB2758ACE000218BC1 /* Social_Feed_Test_AppUITests.swift */ = {isa = PBXFileReference; lastKnownFileType = sourcecode.swift; path = Social_Feed_Test_AppUITests.swift; sourceTree = "<group>"; };
		9246CBFD2758ACE000218BC1 /* Info.plist */ = {isa = PBXFileReference; lastKnownFileType = text.plist.xml; path = Info.plist; sourceTree = "<group>"; };
		9375D3911D27658F8A11724E /* Pods-Social Feed Test App.release.xcconfig */ = {isa = PBXFileReference; includeInIndex = 1; lastKnownFileType = text.xcconfig; name = "Pods-Social Feed Test App.release.xcconfig"; path = "Target Support Files/Pods-Social Feed Test App/Pods-Social Feed Test App.release.xcconfig"; sourceTree = "<group>"; };
		B158F29650BED43315F2D052 /* Pods_Social_Feed_Test_AppTests.framework */ = {isa = PBXFileReference; explicitFileType = wrapper.framework; includeInIndex = 0; path = Pods_Social_Feed_Test_AppTests.framework; sourceTree = BUILT_PRODUCTS_DIR; };
		CC47E9E8C7C4F4176A92ADCD /* Pods_Social_Feed_Test_App_Social_Feed_Test_AppUITests.framework */ = {isa = PBXFileReference; explicitFileType = wrapper.framework; includeInIndex = 0; path = Pods_Social_Feed_Test_App_Social_Feed_Test_AppUITests.framework; sourceTree = BUILT_PRODUCTS_DIR; };
		DA7C8A3B4D240FF45FCA465B /* Pods-Social Feed Test App-Social Feed Test AppUITests.release.xcconfig */ = {isa = PBXFileReference; includeInIndex = 1; lastKnownFileType = text.xcconfig; name = "Pods-Social Feed Test App-Social Feed Test AppUITests.release.xcconfig"; path = "Target Support Files/Pods-Social Feed Test App-Social Feed Test AppUITests/Pods-Social Feed Test App-Social Feed Test AppUITests.release.xcconfig"; sourceTree = "<group>"; };
		E0B805CB6C1B225A9BB7586D /* Pods-Social Feed Test App.debug.xcconfig */ = {isa = PBXFileReference; includeInIndex = 1; lastKnownFileType = text.xcconfig; name = "Pods-Social Feed Test App.debug.xcconfig"; path = "Target Support Files/Pods-Social Feed Test App/Pods-Social Feed Test App.debug.xcconfig"; sourceTree = "<group>"; };
		F1564EECAB66C3751D54EC52 /* Social Feed Test App.entitlements */ = {isa = PBXFileReference; lastKnownFileType = None; path = "Social Feed Test App.entitlements"; sourceTree = SOURCE_ROOT; };
/* End PBXFileReference section */

/* Begin PBXFrameworksBuildPhase section */
		9246CBD32758ACDE00218BC1 /* Frameworks */ = {
			isa = PBXFrameworksBuildPhase;
			buildActionMask = 2147483647;
			files = (
				E483BE12BD19D0BDA194B38D /* Pods_Social_Feed_Test_App.framework in Frameworks */,
			);
			runOnlyForDeploymentPostprocessing = 0;
		};
		9246CBE92758ACE000218BC1 /* Frameworks */ = {
			isa = PBXFrameworksBuildPhase;
			buildActionMask = 2147483647;
			files = (
				978BBE074352471A246EBD2A /* Pods_Social_Feed_Test_AppTests.framework in Frameworks */,
			);
			runOnlyForDeploymentPostprocessing = 0;
		};
		9246CBF42758ACE000218BC1 /* Frameworks */ = {
			isa = PBXFrameworksBuildPhase;
			buildActionMask = 2147483647;
			files = (
				A4DA26DE0FFFF6F55F0BCF59 /* Pods_Social_Feed_Test_App_Social_Feed_Test_AppUITests.framework in Frameworks */,
			);
			runOnlyForDeploymentPostprocessing = 0;
		};
/* End PBXFrameworksBuildPhase section */

/* Begin PBXGroup section */
		6E48B27222B0F620BD36F24F /* Frameworks */ = {
			isa = PBXGroup;
			children = (
				687FDCC0593E6876660C6A86 /* Pods_Social_Feed_Test_App.framework */,
				CC47E9E8C7C4F4176A92ADCD /* Pods_Social_Feed_Test_App_Social_Feed_Test_AppUITests.framework */,
				B158F29650BED43315F2D052 /* Pods_Social_Feed_Test_AppTests.framework */,
			);
			name = Frameworks;
			sourceTree = "<group>";
		};
		8140FA5ECD1672C4F6B8F7D8 /* Pods */ = {
			isa = PBXGroup;
			children = (
				E0B805CB6C1B225A9BB7586D /* Pods-Social Feed Test App.debug.xcconfig */,
				9375D3911D27658F8A11724E /* Pods-Social Feed Test App.release.xcconfig */,
				07D2C2461A93B8B932D28A37 /* Pods-Social Feed Test App-Social Feed Test AppUITests.debug.xcconfig */,
				DA7C8A3B4D240FF45FCA465B /* Pods-Social Feed Test App-Social Feed Test AppUITests.release.xcconfig */,
				0BA0391B4D7E76EDBD48E476 /* Pods-Social Feed Test AppTests.debug.xcconfig */,
				5D243B25DCB08A7C3A183198 /* Pods-Social Feed Test AppTests.release.xcconfig */,
			);
			path = Pods;
			sourceTree = "<group>";
		};
		9246CBCD2758ACDE00218BC1 = {
			isa = PBXGroup;
			children = (
				9246CBD82758ACDE00218BC1 /* Social Feed Test App */,
				9246CBEF2758ACE000218BC1 /* Social Feed Test AppTests */,
				9246CBFA2758ACE000218BC1 /* Social Feed Test AppUITests */,
				9246CBD72758ACDE00218BC1 /* Products */,
				8140FA5ECD1672C4F6B8F7D8 /* Pods */,
				6E48B27222B0F620BD36F24F /* Frameworks */,
				32094EF0A6F7EED527ADBD35 /* getsocial.json */,
				F1564EECAB66C3751D54EC52 /* Social Feed Test App.entitlements */,
			);
			sourceTree = "<group>";
		};
		9246CBD72758ACDE00218BC1 /* Products */ = {
			isa = PBXGroup;
			children = (
				9246CBD62758ACDE00218BC1 /* Social Feed Test App.app */,
				9246CBEC2758ACE000218BC1 /* Social Feed Test AppTests.xctest */,
				9246CBF72758ACE000218BC1 /* Social Feed Test AppUITests.xctest */,
			);
			name = Products;
			sourceTree = "<group>";
		};
		9246CBD82758ACDE00218BC1 /* Social Feed Test App */ = {
			isa = PBXGroup;
			children = (
				9246CBD92758ACDE00218BC1 /* AppDelegate.swift */,
				9246CBDB2758ACDE00218BC1 /* SceneDelegate.swift */,
				9246CBDD2758ACDE00218BC1 /* ViewController.swift */,
				9246CBDF2758ACDE00218BC1 /* Main.storyboard */,
				9246CBE22758ACE000218BC1 /* Assets.xcassets */,
				9246CBE42758ACE000218BC1 /* LaunchScreen.storyboard */,
				9246CBE72758ACE000218BC1 /* Info.plist */,
			);
			path = "Social Feed Test App";
			sourceTree = "<group>";
		};
		9246CBEF2758ACE000218BC1 /* Social Feed Test AppTests */ = {
			isa = PBXGroup;
			children = (
				9246CBF02758ACE000218BC1 /* Social_Feed_Test_AppTests.swift */,
				9246CBF22758ACE000218BC1 /* Info.plist */,
			);
			path = "Social Feed Test AppTests";
			sourceTree = "<group>";
		};
		9246CBFA2758ACE000218BC1 /* Social Feed Test AppUITests */ = {
			isa = PBXGroup;
			children = (
				9246CBFB2758ACE000218BC1 /* Social_Feed_Test_AppUITests.swift */,
				9246CBFD2758ACE000218BC1 /* Info.plist */,
			);
			path = "Social Feed Test AppUITests";
			sourceTree = "<group>";
		};
/* End PBXGroup section */

/* Begin PBXNativeTarget section */
		9246CBD52758ACDE00218BC1 /* Social Feed Test App */ = {
			isa = PBXNativeTarget;
			buildConfigurationList = 9246CC002758ACE000218BC1 /* Build configuration list for PBXNativeTarget "Social Feed Test App" */;
			buildPhases = (
				82AFB9C767C223BC2BA7D65A /* [CP] Check Pods Manifest.lock */,
				92206A7B275DB77B0013DFEA /* Run Script */,
				9246CBD22758ACDE00218BC1 /* Sources */,
				9246CBD32758ACDE00218BC1 /* Frameworks */,
				9246CBD42758ACDE00218BC1 /* Resources */,
				89948372CB9A68E9707A1AA7 /* [CP] Embed Pods Frameworks */,
				A776D8391DF5D67E8C738DC4 /* [CP] Copy Pods Resources */,
			);
			buildRules = (
			);
			dependencies = (
			);
			name = "Social Feed Test App";
			productName = "Social Feed Test App";
			productReference = 9246CBD62758ACDE00218BC1 /* Social Feed Test App.app */;
			productType = "com.apple.product-type.application";
		};
		9246CBEB2758ACE000218BC1 /* Social Feed Test AppTests */ = {
			isa = PBXNativeTarget;
			buildConfigurationList = 9246CC032758ACE000218BC1 /* Build configuration list for PBXNativeTarget "Social Feed Test AppTests" */;
			buildPhases = (
				C8A47903AE162E599AAB0552 /* [CP] Check Pods Manifest.lock */,
				9246CBE82758ACE000218BC1 /* Sources */,
				9246CBE92758ACE000218BC1 /* Frameworks */,
				9246CBEA2758ACE000218BC1 /* Resources */,
			);
			buildRules = (
			);
			dependencies = (
				9246CBEE2758ACE000218BC1 /* PBXTargetDependency */,
			);
			name = "Social Feed Test AppTests";
			productName = "Social Feed Test AppTests";
			productReference = 9246CBEC2758ACE000218BC1 /* Social Feed Test AppTests.xctest */;
			productType = "com.apple.product-type.bundle.unit-test";
		};
		9246CBF62758ACE000218BC1 /* Social Feed Test AppUITests */ = {
			isa = PBXNativeTarget;
			buildConfigurationList = 9246CC062758ACE000218BC1 /* Build configuration list for PBXNativeTarget "Social Feed Test AppUITests" */;
			buildPhases = (
				CD9562230BB4739699DC1853 /* [CP] Check Pods Manifest.lock */,
				9246CBF32758ACE000218BC1 /* Sources */,
				9246CBF42758ACE000218BC1 /* Frameworks */,
				9246CBF52758ACE000218BC1 /* Resources */,
				0B5D696D02D50497CE3B4173 /* [CP] Embed Pods Frameworks */,
				E51DAB0D97D8377133B361F0 /* [CP] Copy Pods Resources */,
			);
			buildRules = (
			);
			dependencies = (
				9246CBF92758ACE000218BC1 /* PBXTargetDependency */,
			);
			name = "Social Feed Test AppUITests";
			productName = "Social Feed Test AppUITests";
			productReference = 9246CBF72758ACE000218BC1 /* Social Feed Test AppUITests.xctest */;
			productType = "com.apple.product-type.bundle.ui-testing";
		};
/* End PBXNativeTarget section */

/* Begin PBXProject section */
		9246CBCE2758ACDE00218BC1 /* Project object */ = {
			isa = PBXProject;
			attributes = {
				LastSwiftUpdateCheck = 1240;
				LastUpgradeCheck = 1240;
				TargetAttributes = {
					9246CBD52758ACDE00218BC1 = {
						CreatedOnToolsVersion = 12.4;
					};
					9246CBEB2758ACE000218BC1 = {
						CreatedOnToolsVersion = 12.4;
						TestTargetID = 9246CBD52758ACDE00218BC1;
					};
					9246CBF62758ACE000218BC1 = {
						CreatedOnToolsVersion = 12.4;
						TestTargetID = 9246CBD52758ACDE00218BC1;
					};
				};
			};
			buildConfigurationList = 9246CBD12758ACDE00218BC1 /* Build configuration list for PBXProject "Social Feed Test App" */;
			compatibilityVersion = "Xcode 9.3";
			developmentRegion = en;
			hasScannedForEncodings = 0;
			knownRegions = (
				en,
				Base,
			);
			mainGroup = 9246CBCD2758ACDE00218BC1;
			productRefGroup = 9246CBD72758ACDE00218BC1 /* Products */;
			projectDirPath = "";
			projectRoot = "";
			targets = (
				9246CBD52758ACDE00218BC1 /* Social Feed Test App */,
				9246CBEB2758ACE000218BC1 /* Social Feed Test AppTests */,
				9246CBF62758ACE000218BC1 /* Social Feed Test AppUITests */,
			);
		};
/* End PBXProject section */

/* Begin PBXResourcesBuildPhase section */
		9246CBD42758ACDE00218BC1 /* Resources */ = {
			isa = PBXResourcesBuildPhase;
			buildActionMask = 2147483647;
			files = (
				9246CBE62758ACE000218BC1 /* LaunchScreen.storyboard in Resources */,
				9246CBE32758ACE000218BC1 /* Assets.xcassets in Resources */,
				9246CBE12758ACDE00218BC1 /* Main.storyboard in Resources */,
				8FD74DC09324C847A603BA43 /* getsocial.json in Resources */,
				805C440EA3CFF5D87F0D4514 /* Social Feed Test App.entitlements in Resources */,
			);
			runOnlyForDeploymentPostprocessing = 0;
		};
		9246CBEA2758ACE000218BC1 /* Resources */ = {
			isa = PBXResourcesBuildPhase;
			buildActionMask = 2147483647;
			files = (
				84064C07A072E34F8724AA91 /* getsocial.json in Resources */,
				9D49444FAED04D5802108897 /* Social Feed Test App.entitlements in Resources */,
			);
			runOnlyForDeploymentPostprocessing = 0;
		};
		9246CBF52758ACE000218BC1 /* Resources */ = {
			isa = PBXResourcesBuildPhase;
			buildActionMask = 2147483647;
			files = (
				5F404273ADE109B765A0EBEC /* getsocial.json in Resources */,
				DE3245B5B769E8DD09BF5809 /* Social Feed Test App.entitlements in Resources */,
			);
			runOnlyForDeploymentPostprocessing = 0;
		};
/* End PBXResourcesBuildPhase section */

/* Begin PBXShellScriptBuildPhase section */
		0B5D696D02D50497CE3B4173 /* [CP] Embed Pods Frameworks */ = {
			isa = PBXShellScriptBuildPhase;
			buildActionMask = 2147483647;
			files = (
			);
			inputFileListPaths = (
				"${PODS_ROOT}/Target Support Files/Pods-Social Feed Test App-Social Feed Test AppUITests/Pods-Social Feed Test App-Social Feed Test AppUITests-frameworks-${CONFIGURATION}-input-files.xcfilelist",
			);
			name = "[CP] Embed Pods Frameworks";
			outputFileListPaths = (
				"${PODS_ROOT}/Target Support Files/Pods-Social Feed Test App-Social Feed Test AppUITests/Pods-Social Feed Test App-Social Feed Test AppUITests-frameworks-${CONFIGURATION}-output-files.xcfilelist",
			);
			runOnlyForDeploymentPostprocessing = 0;
			shellPath = /bin/sh;
			shellScript = "\"${PODS_ROOT}/Target Support Files/Pods-Social Feed Test App-Social Feed Test AppUITests/Pods-Social Feed Test App-Social Feed Test AppUITests-frameworks.sh\"\n";
			showEnvVarsInLog = 0;
		};
		82AFB9C767C223BC2BA7D65A /* [CP] Check Pods Manifest.lock */ = {
			isa = PBXShellScriptBuildPhase;
			buildActionMask = 2147483647;
			files = (
			);
			inputFileListPaths = (
			);
			inputPaths = (
				"${PODS_PODFILE_DIR_PATH}/Podfile.lock",
				"${PODS_ROOT}/Manifest.lock",
			);
			name = "[CP] Check Pods Manifest.lock";
			outputFileListPaths = (
			);
			outputPaths = (
				"$(DERIVED_FILE_DIR)/Pods-Social Feed Test App-checkManifestLockResult.txt",
			);
			runOnlyForDeploymentPostprocessing = 0;
			shellPath = /bin/sh;
			shellScript = "diff \"${PODS_PODFILE_DIR_PATH}/Podfile.lock\" \"${PODS_ROOT}/Manifest.lock\" > /dev/null\nif [ $? != 0 ] ; then\n    # print error to STDERR\n    echo \"error: The sandbox is not in sync with the Podfile.lock. Run 'pod install' or update your CocoaPods installation.\" >&2\n    exit 1\nfi\n# This output is used by Xcode 'outputs' to avoid re-running this script phase.\necho \"SUCCESS\" > \"${SCRIPT_OUTPUT_FILE_0}\"\n";
			showEnvVarsInLog = 0;
		};
		89948372CB9A68E9707A1AA7 /* [CP] Embed Pods Frameworks */ = {
			isa = PBXShellScriptBuildPhase;
			buildActionMask = 2147483647;
			files = (
			);
			inputFileListPaths = (
				"${PODS_ROOT}/Target Support Files/Pods-Social Feed Test App/Pods-Social Feed Test App-frameworks-${CONFIGURATION}-input-files.xcfilelist",
			);
			name = "[CP] Embed Pods Frameworks";
			outputFileListPaths = (
				"${PODS_ROOT}/Target Support Files/Pods-Social Feed Test App/Pods-Social Feed Test App-frameworks-${CONFIGURATION}-output-files.xcfilelist",
			);
			runOnlyForDeploymentPostprocessing = 0;
			shellPath = /bin/sh;
			shellScript = "\"${PODS_ROOT}/Target Support Files/Pods-Social Feed Test App/Pods-Social Feed Test App-frameworks.sh\"\n";
			showEnvVarsInLog = 0;
		};
		92206A7B275DB77B0013DFEA /* Run Script */ = {
			isa = PBXShellScriptBuildPhase;
			buildActionMask = 2147483647;
			files = (
			);
			inputFileListPaths = (
			);
			inputPaths = (
			);
			name = "Run Script";
			outputFileListPaths = (
			);
			outputPaths = (
			);
			runOnlyForDeploymentPostprocessing = 0;
			shellPath = /bin/sh;
			shellScript = "\"$PROJECT_DIR/getsocial-sdk7.sh\" --app-id=\"6o9segOFA08\"\n";
		};
		A776D8391DF5D67E8C738DC4 /* [CP] Copy Pods Resources */ = {
			isa = PBXShellScriptBuildPhase;
			buildActionMask = 2147483647;
			files = (
			);
			inputFileListPaths = (
				"${PODS_ROOT}/Target Support Files/Pods-Social Feed Test App/Pods-Social Feed Test App-resources-${CONFIGURATION}-input-files.xcfilelist",
			);
			name = "[CP] Copy Pods Resources";
			outputFileListPaths = (
				"${PODS_ROOT}/Target Support Files/Pods-Social Feed Test App/Pods-Social Feed Test App-resources-${CONFIGURATION}-output-files.xcfilelist",
			);
			runOnlyForDeploymentPostprocessing = 0;
			shellPath = /bin/sh;
			shellScript = "\"${PODS_ROOT}/Target Support Files/Pods-Social Feed Test App/Pods-Social Feed Test App-resources.sh\"\n";
			showEnvVarsInLog = 0;
		};
		C8A47903AE162E599AAB0552 /* [CP] Check Pods Manifest.lock */ = {
			isa = PBXShellScriptBuildPhase;
			buildActionMask = 2147483647;
			files = (
			);
			inputFileListPaths = (
			);
			inputPaths = (
				"${PODS_PODFILE_DIR_PATH}/Podfile.lock",
				"${PODS_ROOT}/Manifest.lock",
			);
			name = "[CP] Check Pods Manifest.lock";
			outputFileListPaths = (
			);
			outputPaths = (
				"$(DERIVED_FILE_DIR)/Pods-Social Feed Test AppTests-checkManifestLockResult.txt",
			);
			runOnlyForDeploymentPostprocessing = 0;
			shellPath = /bin/sh;
			shellScript = "diff \"${PODS_PODFILE_DIR_PATH}/Podfile.lock\" \"${PODS_ROOT}/Manifest.lock\" > /dev/null\nif [ $? != 0 ] ; then\n    # print error to STDERR\n    echo \"error: The sandbox is not in sync with the Podfile.lock. Run 'pod install' or update your CocoaPods installation.\" >&2\n    exit 1\nfi\n# This output is used by Xcode 'outputs' to avoid re-running this script phase.\necho \"SUCCESS\" > \"${SCRIPT_OUTPUT_FILE_0}\"\n";
			showEnvVarsInLog = 0;
		};
		CD9562230BB4739699DC1853 /* [CP] Check Pods Manifest.lock */ = {
			isa = PBXShellScriptBuildPhase;
			buildActionMask = 2147483647;
			files = (
			);
			inputFileListPaths = (
			);
			inputPaths = (
				"${PODS_PODFILE_DIR_PATH}/Podfile.lock",
				"${PODS_ROOT}/Manifest.lock",
			);
			name = "[CP] Check Pods Manifest.lock";
			outputFileListPaths = (
			);
			outputPaths = (
				"$(DERIVED_FILE_DIR)/Pods-Social Feed Test App-Social Feed Test AppUITests-checkManifestLockResult.txt",
			);
			runOnlyForDeploymentPostprocessing = 0;
			shellPath = /bin/sh;
			shellScript = "diff \"${PODS_PODFILE_DIR_PATH}/Podfile.lock\" \"${PODS_ROOT}/Manifest.lock\" > /dev/null\nif [ $? != 0 ] ; then\n    # print error to STDERR\n    echo \"error: The sandbox is not in sync with the Podfile.lock. Run 'pod install' or update your CocoaPods installation.\" >&2\n    exit 1\nfi\n# This output is used by Xcode 'outputs' to avoid re-running this script phase.\necho \"SUCCESS\" > \"${SCRIPT_OUTPUT_FILE_0}\"\n";
			showEnvVarsInLog = 0;
		};
		E51DAB0D97D8377133B361F0 /* [CP] Copy Pods Resources */ = {
			isa = PBXShellScriptBuildPhase;
			buildActionMask = 2147483647;
			files = (
			);
			inputFileListPaths = (
				"${PODS_ROOT}/Target Support Files/Pods-Social Feed Test App-Social Feed Test AppUITests/Pods-Social Feed Test App-Social Feed Test AppUITests-resources-${CONFIGURATION}-input-files.xcfilelist",
			);
			name = "[CP] Copy Pods Resources";
			outputFileListPaths = (
				"${PODS_ROOT}/Target Support Files/Pods-Social Feed Test App-Social Feed Test AppUITests/Pods-Social Feed Test App-Social Feed Test AppUITests-resources-${CONFIGURATION}-output-files.xcfilelist",
			);
			runOnlyForDeploymentPostprocessing = 0;
			shellPath = /bin/sh;
			shellScript = "\"${PODS_ROOT}/Target Support Files/Pods-Social Feed Test App-Social Feed Test AppUITests/Pods-Social Feed Test App-Social Feed Test AppUITests-resources.sh\"\n";
			showEnvVarsInLog = 0;
		};
/* End PBXShellScriptBuildPhase section */

/* Begin PBXSourcesBuildPhase section */
		9246CBD22758ACDE00218BC1 /* Sources */ = {
			isa = PBXSourcesBuildPhase;
			buildActionMask = 2147483647;
			files = (
				9246CBDE2758ACDE00218BC1 /* ViewController.swift in Sources */,
				9246CBDA2758ACDE00218BC1 /* AppDelegate.swift in Sources */,
				9246CBDC2758ACDE00218BC1 /* SceneDelegate.swift in Sources */,
			);
			runOnlyForDeploymentPostprocessing = 0;
		};
		9246CBE82758ACE000218BC1 /* Sources */ = {
			isa = PBXSourcesBuildPhase;
			buildActionMask = 2147483647;
			files = (
				9246CBF12758ACE000218BC1 /* Social_Feed_Test_AppTests.swift in Sources */,
			);
			runOnlyForDeploymentPostprocessing = 0;
		};
		9246CBF32758ACE000218BC1 /* Sources */ = {
			isa = PBXSourcesBuildPhase;
			buildActionMask = 2147483647;
			files = (
				9246CBFC2758ACE000218BC1 /* Social_Feed_Test_AppUITests.swift in Sources */,
			);
			runOnlyForDeploymentPostprocessing = 0;
		};
/* End PBXSourcesBuildPhase section */

/* Begin PBXTargetDependency section */
		9246CBEE2758ACE000218BC1 /* PBXTargetDependency */ = {
			isa = PBXTargetDependency;
			target = 9246CBD52758ACDE00218BC1 /* Social Feed Test App */;
			targetProxy = 9246CBED2758ACE000218BC1 /* PBXContainerItemProxy */;
		};
		9246CBF92758ACE000218BC1 /* PBXTargetDependency */ = {
			isa = PBXTargetDependency;
			target = 9246CBD52758ACDE00218BC1 /* Social Feed Test App */;
			targetProxy = 9246CBF82758ACE000218BC1 /* PBXContainerItemProxy */;
		};
/* End PBXTargetDependency section */

/* Begin PBXVariantGroup section */
		9246CBDF2758ACDE00218BC1 /* Main.storyboard */ = {
			isa = PBXVariantGroup;
			children = (
				9246CBE02758ACDE00218BC1 /* Base */,
			);
			name = Main.storyboard;
			sourceTree = "<group>";
		};
		9246CBE42758ACE000218BC1 /* LaunchScreen.storyboard */ = {
			isa = PBXVariantGroup;
			children = (
				9246CBE52758ACE000218BC1 /* Base */,
			);
			name = LaunchScreen.storyboard;
			sourceTree = "<group>";
		};
/* End PBXVariantGroup section */

/* Begin XCBuildConfiguration section */
		9246CBFE2758ACE000218BC1 /* Debug */ = {
			isa = XCBuildConfiguration;
			buildSettings = {
				ALWAYS_SEARCH_USER_PATHS = NO;
				CLANG_ANALYZER_NONNULL = YES;
				CLANG_ANALYZER_NUMBER_OBJECT_CONVERSION = YES_AGGRESSIVE;
				CLANG_CXX_LANGUAGE_STANDARD = "gnu++14";
				CLANG_CXX_LIBRARY = "libc++";
				CLANG_ENABLE_MODULES = YES;
				CLANG_ENABLE_OBJC_ARC = YES;
				CLANG_ENABLE_OBJC_WEAK = YES;
				CLANG_WARN_BLOCK_CAPTURE_AUTORELEASING = YES;
				CLANG_WARN_BOOL_CONVERSION = YES;
				CLANG_WARN_COMMA = YES;
				CLANG_WARN_CONSTANT_CONVERSION = YES;
				CLANG_WARN_DEPRECATED_OBJC_IMPLEMENTATIONS = YES;
				CLANG_WARN_DIRECT_OBJC_ISA_USAGE = YES_ERROR;
				CLANG_WARN_DOCUMENTATION_COMMENTS = YES;
				CLANG_WARN_EMPTY_BODY = YES;
				CLANG_WARN_ENUM_CONVERSION = YES;
				CLANG_WARN_INFINITE_RECURSION = YES;
				CLANG_WARN_INT_CONVERSION = YES;
				CLANG_WARN_NON_LITERAL_NULL_CONVERSION = YES;
				CLANG_WARN_OBJC_IMPLICIT_RETAIN_SELF = YES;
				CLANG_WARN_OBJC_LITERAL_CONVERSION = YES;
				CLANG_WARN_OBJC_ROOT_CLASS = YES_ERROR;
				CLANG_WARN_QUOTED_INCLUDE_IN_FRAMEWORK_HEADER = YES;
				CLANG_WARN_RANGE_LOOP_ANALYSIS = YES;
				CLANG_WARN_STRICT_PROTOTYPES = YES;
				CLANG_WARN_SUSPICIOUS_MOVE = YES;
				CLANG_WARN_UNGUARDED_AVAILABILITY = YES_AGGRESSIVE;
				CLANG_WARN_UNREACHABLE_CODE = YES;
				CLANG_WARN__DUPLICATE_METHOD_MATCH = YES;
				COPY_PHASE_STRIP = NO;
				DEBUG_INFORMATION_FORMAT = dwarf;
				ENABLE_STRICT_OBJC_MSGSEND = YES;
				ENABLE_TESTABILITY = YES;
				GCC_C_LANGUAGE_STANDARD = gnu11;
				GCC_DYNAMIC_NO_PIC = NO;
				GCC_NO_COMMON_BLOCKS = YES;
				GCC_OPTIMIZATION_LEVEL = 0;
				GCC_PREPROCESSOR_DEFINITIONS = (
					"DEBUG=1",
					"$(inherited)",
				);
				GCC_WARN_64_TO_32_BIT_CONVERSION = YES;
				GCC_WARN_ABOUT_RETURN_TYPE = YES_ERROR;
				GCC_WARN_UNDECLARED_SELECTOR = YES;
				GCC_WARN_UNINITIALIZED_AUTOS = YES_AGGRESSIVE;
				GCC_WARN_UNUSED_FUNCTION = YES;
				GCC_WARN_UNUSED_VARIABLE = YES;
				IPHONEOS_DEPLOYMENT_TARGET = 14.4;
				MTL_ENABLE_DEBUG_INFO = INCLUDE_SOURCE;
				MTL_FAST_MATH = YES;
				ONLY_ACTIVE_ARCH = YES;
				SDKROOT = iphoneos;
				SWIFT_ACTIVE_COMPILATION_CONDITIONS = DEBUG;
				SWIFT_OPTIMIZATION_LEVEL = "-Onone";
			};
			name = Debug;
		};
		9246CBFF2758ACE000218BC1 /* Release */ = {
			isa = XCBuildConfiguration;
			buildSettings = {
				ALWAYS_SEARCH_USER_PATHS = NO;
				CLANG_ANALYZER_NONNULL = YES;
				CLANG_ANALYZER_NUMBER_OBJECT_CONVERSION = YES_AGGRESSIVE;
				CLANG_CXX_LANGUAGE_STANDARD = "gnu++14";
				CLANG_CXX_LIBRARY = "libc++";
				CLANG_ENABLE_MODULES = YES;
				CLANG_ENABLE_OBJC_ARC = YES;
				CLANG_ENABLE_OBJC_WEAK = YES;
				CLANG_WARN_BLOCK_CAPTURE_AUTORELEASING = YES;
				CLANG_WARN_BOOL_CONVERSION = YES;
				CLANG_WARN_COMMA = YES;
				CLANG_WARN_CONSTANT_CONVERSION = YES;
				CLANG_WARN_DEPRECATED_OBJC_IMPLEMENTATIONS = YES;
				CLANG_WARN_DIRECT_OBJC_ISA_USAGE = YES_ERROR;
				CLANG_WARN_DOCUMENTATION_COMMENTS = YES;
				CLANG_WARN_EMPTY_BODY = YES;
				CLANG_WARN_ENUM_CONVERSION = YES;
				CLANG_WARN_INFINITE_RECURSION = YES;
				CLANG_WARN_INT_CONVERSION = YES;
				CLANG_WARN_NON_LITERAL_NULL_CONVERSION = YES;
				CLANG_WARN_OBJC_IMPLICIT_RETAIN_SELF = YES;
				CLANG_WARN_OBJC_LITERAL_CONVERSION = YES;
				CLANG_WARN_OBJC_ROOT_CLASS = YES_ERROR;
				CLANG_WARN_QUOTED_INCLUDE_IN_FRAMEWORK_HEADER = YES;
				CLANG_WARN_RANGE_LOOP_ANALYSIS = YES;
				CLANG_WARN_STRICT_PROTOTYPES = YES;
				CLANG_WARN_SUSPICIOUS_MOVE = YES;
				CLANG_WARN_UNGUARDED_AVAILABILITY = YES_AGGRESSIVE;
				CLANG_WARN_UNREACHABLE_CODE = YES;
				CLANG_WARN__DUPLICATE_METHOD_MATCH = YES;
				COPY_PHASE_STRIP = NO;
				DEBUG_INFORMATION_FORMAT = "dwarf-with-dsym";
				ENABLE_NS_ASSERTIONS = NO;
				ENABLE_STRICT_OBJC_MSGSEND = YES;
				GCC_C_LANGUAGE_STANDARD = gnu11;
				GCC_NO_COMMON_BLOCKS = YES;
				GCC_WARN_64_TO_32_BIT_CONVERSION = YES;
				GCC_WARN_ABOUT_RETURN_TYPE = YES_ERROR;
				GCC_WARN_UNDECLARED_SELECTOR = YES;
				GCC_WARN_UNINITIALIZED_AUTOS = YES_AGGRESSIVE;
				GCC_WARN_UNUSED_FUNCTION = YES;
				GCC_WARN_UNUSED_VARIABLE = YES;
				IPHONEOS_DEPLOYMENT_TARGET = 14.4;
				MTL_ENABLE_DEBUG_INFO = NO;
				MTL_FAST_MATH = YES;
				SDKROOT = iphoneos;
				SWIFT_COMPILATION_MODE = wholemodule;
				SWIFT_OPTIMIZATION_LEVEL = "-O";
				VALIDATE_PRODUCT = YES;
			};
			name = Release;
		};
		9246CC012758ACE000218BC1 /* Debug */ = {
			isa = XCBuildConfiguration;
			baseConfigurationReference = E0B805CB6C1B225A9BB7586D /* Pods-Social Feed Test App.debug.xcconfig */;
			buildSettings = {
				ASSETCATALOG_COMPILER_APPICON_NAME = AppIcon;
				ASSETCATALOG_COMPILER_GLOBAL_ACCENT_COLOR_NAME = AccentColor;
				CODE_SIGN_ENTITLEMENTS = "Social Feed Test App.entitlements";
				CODE_SIGN_STYLE = Automatic;
				DEVELOPMENT_TEAM = 37TYWLGRXS;
				INFOPLIST_FILE = "Social Feed Test App/Info.plist";
				LD_RUNPATH_SEARCH_PATHS = (
					"$(inherited)",
					"@executable_path/Frameworks",
				);
				PRODUCT_BUNDLE_IDENTIFIER = "com.Social-Feed-Test-App";
				PRODUCT_NAME = "$(TARGET_NAME)";
				SWIFT_VERSION = 5.0;
				TARGETED_DEVICE_FAMILY = "1,2";
			};
			name = Debug;
		};
		9246CC022758ACE000218BC1 /* Release */ = {
			isa = XCBuildConfiguration;
			baseConfigurationReference = 9375D3911D27658F8A11724E /* Pods-Social Feed Test App.release.xcconfig */;
			buildSettings = {
				ASSETCATALOG_COMPILER_APPICON_NAME = AppIcon;
				ASSETCATALOG_COMPILER_GLOBAL_ACCENT_COLOR_NAME = AccentColor;
				CODE_SIGN_ENTITLEMENTS = "Social Feed Test App.entitlements";
				CODE_SIGN_STYLE = Automatic;
				DEVELOPMENT_TEAM = 37TYWLGRXS;
				INFOPLIST_FILE = "Social Feed Test App/Info.plist";
				LD_RUNPATH_SEARCH_PATHS = (
					"$(inherited)",
					"@executable_path/Frameworks",
				);
				PRODUCT_BUNDLE_IDENTIFIER = "com.Social-Feed-Test-App";
				PRODUCT_NAME = "$(TARGET_NAME)";
				SWIFT_VERSION = 5.0;
				TARGETED_DEVICE_FAMILY = "1,2";
			};
			name = Release;
		};
		9246CC042758ACE000218BC1 /* Debug */ = {
			isa = XCBuildConfiguration;
			baseConfigurationReference = 0BA0391B4D7E76EDBD48E476 /* Pods-Social Feed Test AppTests.debug.xcconfig */;
			buildSettings = {
				ALWAYS_EMBED_SWIFT_STANDARD_LIBRARIES = YES;
				BUNDLE_LOADER = "$(TEST_HOST)";
				CODE_SIGN_STYLE = Automatic;
				DEVELOPMENT_TEAM = 37TYWLGRXS;
				INFOPLIST_FILE = "Social Feed Test AppTests/Info.plist";
				IPHONEOS_DEPLOYMENT_TARGET = 14.4;
				LD_RUNPATH_SEARCH_PATHS = (
					"$(inherited)",
					"@executable_path/Frameworks",
					"@loader_path/Frameworks",
				);
				PRODUCT_BUNDLE_IDENTIFIER = "com.Social-Feed-Test-AppTests";
				PRODUCT_NAME = "$(TARGET_NAME)";
				SWIFT_VERSION = 5.0;
				TARGETED_DEVICE_FAMILY = "1,2";
				TEST_HOST = "$(BUILT_PRODUCTS_DIR)/Social Feed Test App.app/Social Feed Test App";
			};
			name = Debug;
		};
		9246CC052758ACE000218BC1 /* Release */ = {
			isa = XCBuildConfiguration;
			baseConfigurationReference = 5D243B25DCB08A7C3A183198 /* Pods-Social Feed Test AppTests.release.xcconfig */;
			buildSettings = {
				ALWAYS_EMBED_SWIFT_STANDARD_LIBRARIES = YES;
				BUNDLE_LOADER = "$(TEST_HOST)";
				CODE_SIGN_STYLE = Automatic;
				DEVELOPMENT_TEAM = 37TYWLGRXS;
				INFOPLIST_FILE = "Social Feed Test AppTests/Info.plist";
				IPHONEOS_DEPLOYMENT_TARGET = 14.4;
				LD_RUNPATH_SEARCH_PATHS = (
					"$(inherited)",
					"@executable_path/Frameworks",
					"@loader_path/Frameworks",
				);
				PRODUCT_BUNDLE_IDENTIFIER = "com.Social-Feed-Test-AppTests";
				PRODUCT_NAME = "$(TARGET_NAME)";
				SWIFT_VERSION = 5.0;
				TARGETED_DEVICE_FAMILY = "1,2";
				TEST_HOST = "$(BUILT_PRODUCTS_DIR)/Social Feed Test App.app/Social Feed Test App";
			};
			name = Release;
		};
		9246CC072758ACE000218BC1 /* Debug */ = {
			isa = XCBuildConfiguration;
			baseConfigurationReference = 07D2C2461A93B8B932D28A37 /* Pods-Social Feed Test App-Social Feed Test AppUITests.debug.xcconfig */;
			buildSettings = {
				ALWAYS_EMBED_SWIFT_STANDARD_LIBRARIES = YES;
				CODE_SIGN_STYLE = Automatic;
				DEVELOPMENT_TEAM = 37TYWLGRXS;
				INFOPLIST_FILE = "Social Feed Test AppUITests/Info.plist";
				LD_RUNPATH_SEARCH_PATHS = (
					"$(inherited)",
					"@executable_path/Frameworks",
					"@loader_path/Frameworks",
				);
				PRODUCT_BUNDLE_IDENTIFIER = "com.Social-Feed-Test-AppUITests";
				PRODUCT_NAME = "$(TARGET_NAME)";
				SWIFT_VERSION = 5.0;
				TARGETED_DEVICE_FAMILY = "1,2";
				TEST_TARGET_NAME = "Social Feed Test App";
			};
			name = Debug;
		};
		9246CC082758ACE000218BC1 /* Release */ = {
			isa = XCBuildConfiguration;
			baseConfigurationReference = DA7C8A3B4D240FF45FCA465B /* Pods-Social Feed Test App-Social Feed Test AppUITests.release.xcconfig */;
			buildSettings = {
				ALWAYS_EMBED_SWIFT_STANDARD_LIBRARIES = YES;
				CODE_SIGN_STYLE = Automatic;
				DEVELOPMENT_TEAM = 37TYWLGRXS;
				INFOPLIST_FILE = "Social Feed Test AppUITests/Info.plist";
				LD_RUNPATH_SEARCH_PATHS = (
					"$(inherited)",
					"@executable_path/Frameworks",
					"@loader_path/Frameworks",
				);
				PRODUCT_BUNDLE_IDENTIFIER = "com.Social-Feed-Test-AppUITests";
				PRODUCT_NAME = "$(TARGET_NAME)";
				SWIFT_VERSION = 5.0;
				TARGETED_DEVICE_FAMILY = "1,2";
				TEST_TARGET_NAME = "Social Feed Test App";
			};
			name = Release;
		};
/* End XCBuildConfiguration section */

/* Begin XCConfigurationList section */
		9246CBD12758ACDE00218BC1 /* Build configuration list for PBXProject "Social Feed Test App" */ = {
			isa = XCConfigurationList;
			buildConfigurations = (
				9246CBFE2758ACE000218BC1 /* Debug */,
				9246CBFF2758ACE000218BC1 /* Release */,
			);
			defaultConfigurationIsVisible = 0;
			defaultConfigurationName = Release;
		};
		9246CC002758ACE000218BC1 /* Build configuration list for PBXNativeTarget "Social Feed Test App" */ = {
			isa = XCConfigurationList;
			buildConfigurations = (
				9246CC012758ACE000218BC1 /* Debug */,
				9246CC022758ACE000218BC1 /* Release */,
			);
			defaultConfigurationIsVisible = 0;
			defaultConfigurationName = Release;
		};
		9246CC032758ACE000218BC1 /* Build configuration list for PBXNativeTarget "Social Feed Test AppTests" */ = {
			isa = XCConfigurationList;
			buildConfigurations = (
				9246CC042758ACE000218BC1 /* Debug */,
				9246CC052758ACE000218BC1 /* Release */,
			);
			defaultConfigurationIsVisible = 0;
			defaultConfigurationName = Release;
		};
		9246CC062758ACE000218BC1 /* Build configuration list for PBXNativeTarget "Social Feed Test AppUITests" */ = {
			isa = XCConfigurationList;
			buildConfigurations = (
				9246CC072758ACE000218BC1 /* Debug */,
				9246CC082758ACE000218BC1 /* Release */,
			);
			defaultConfigurationIsVisible = 0;
			defaultConfigurationName = Release;
		};
/* End XCConfigurationList section */
	};
	rootObject = 9246CBCE2758ACDE00218BC1 /* Project object */;
}
